
Microsoft Visual Studio Solution File, Format Version 12.00
# Visual Studio Version 16
VisualStudioVersion = 16.0.31911.196
MinimumVisualStudioVersion = 10.0.40219.1
Project("{9A19103F-16F7-4668-BE54-9A1E7A4F7556}") = "Cloud.DAL", "Cloud.DAL\Cloud.DAL.csproj", "{A8EF2E7F-5AEB-44E7-B8FB-29BCA7ABED44}"
EndProject
Project("{9A19103F-16F7-4668-BE54-9A1E7A4F7556}") = "Cloud.Logic", "Cloud.Logic\Cloud.Logic.csproj", "{4D742207-4617-486A-A460-E18F65D9D2CB}"
EndProject
Project("{9A19103F-16F7-4668-BE54-9A1E7A4F7556}") = "Cloud.Common", "Cloud.Common\Cloud.Common.csproj", "{19372299-6FCB-47F2-80FB-71B05C99BC31}"
EndProject
Global
	GlobalSection(SolutionConfigurationPlatforms) = preSolution
		Debug|Any CPU = Debug|Any CPU
		Release|Any CPU = Release|Any CPU
	EndGlobalSection
	GlobalSection(ProjectConfigurationPlatforms) = postSolution
		{A8EF2E7F-5AEB-44E7-B8FB-29BCA7ABED44}.Debug|Any CPU.ActiveCfg = Debug|Any CPU
		{A8EF2E7F-5AEB-44E7-B8FB-29BCA7ABED44}.Debug|Any CPU.Build.0 = Debug|Any CPU
		{A8EF2E7F-5AEB-44E7-B8FB-29BCA7ABED44}.Release|Any CPU.ActiveCfg = Release|Any CPU
		{A8EF2E7F-5AEB-44E7-B8FB-29BCA7ABED44}.Release|Any CPU.Build.0 = Release|Any CPU
		{4D742207-4617-486A-A460-E18F65D9D2CB}.Debug|Any CPU.ActiveCfg = Debug|Any CPU
		{4D742207-4617-486A-A460-E18F65D9D2CB}.Debug|Any CPU.Build.0 = Debug|Any CPU
		{4D742207-4617-486A-A460-E18F65D9D2CB}.Release|Any CPU.ActiveCfg = Release|Any CPU
		{4D742207-4617-486A-A460-E18F65D9D2CB}.Release|Any CPU.Build.0 = Release|Any CPU
		{19372299-6FCB-47F2-80FB-71B05C99BC31}.Debug|Any CPU.ActiveCfg = Debug|Any CPU
		{19372299-6FCB-47F2-80FB-71B05C99BC31}.Debug|Any CPU.Build.0 = Debug|Any CPU
		{19372299-6FCB-47F2-80FB-71B05C99BC31}.Release|Any CPU.ActiveCfg = Release|Any CPU
		{19372299-6FCB-47F2-80FB-71B05C99BC31}.Release|Any CPU.Build.0 = Release|Any CPU
	EndGlobalSection
	GlobalSection(SolutionProperties) = preSolution
		HideSolutionNode = FALSE
	EndGlobalSection
	GlobalSection(ExtensibilityGlobals) = postSolution
		SolutionGuid = {68B473F0-8D27-4AD4-81DA-911CBAD43AD2}
	EndGlobalSection
EndGlobal
